
Microsoft Visual Studio Solution File, Format Version 12.00
# Visual Studio Version 16
VisualStudioVersion = 16.0.30104.148
MinimumVisualStudioVersion = 15.0.26124.0
Project("{9A19103F-16F7-4668-BE54-9A1E7A4F7556}") = "Lil.Customers", "Lil.Customers\Lil.Customers.csproj", "{3FBCFABE-1C52-47C8-B481-3B67465DE7EC}"
EndProject
Project("{9A19103F-16F7-4668-BE54-9A1E7A4F7556}") = "Lil.Products", "Lil.Products\Lil.Products.csproj", "{6DBCBE54-BD4C-4119-B723-C76E9261124A}"
EndProject
Project("{9A19103F-16F7-4668-BE54-9A1E7A4F7556}") = "Lil.Sales", "Lil.Sales\Lil.Sales.csproj", "{7261702F-CF2A-41D6-9C57-54AD2695AC42}"
EndProject
Project("{9A19103F-16F7-4668-BE54-9A1E7A4F7556}") = "Lil.Search", "Lil.Search\Lil.Search.csproj", "{3632722E-1F00-4BB0-87D0-E7D187D305D1}"
EndProject
Project("{2150E333-8FDC-42A3-9474-1A3956D46DE8}") = "UnitTests", "UnitTests", "{AED578D4-C2DD-4A48-A20C-158CE5417F3B}"
EndProject
Project("{FAE04EC0-301F-11D3-BF4B-00C04F79EFBC}") = "Lil.Customers.Tests", "Lil.Customers.Tests\Lil.Customers.Tests.csproj", "{A6ACBE94-891F-41DE-93EF-3C6370291ED5}"
EndProject
Project("{FAE04EC0-301F-11D3-BF4B-00C04F79EFBC}") = "Lil.Products.Tests", "Lil.Products.Tests\Lil.Products.Tests.csproj", "{0616B08B-66C5-4023-9D3F-3F8C1C1DF6C2}"
EndProject
Project("{FAE04EC0-301F-11D3-BF4B-00C04F79EFBC}") = "Lil.Sales.Tests", "Lil.Sales.Tests\Lil.Sales.Tests.csproj", "{99670CCE-63C2-4B86-B556-78D7F738E340}"
EndProject
Project("{FAE04EC0-301F-11D3-BF4B-00C04F79EFBC}") = "Lil.Search.Tests", "Lil.Search.Tests\Lil.Search.Tests.csproj", "{FA30DF8E-4053-4443-BA61-B4901E690C31}"
EndProject
Global
	GlobalSection(SolutionConfigurationPlatforms) = preSolution
		Debug|Any CPU = Debug|Any CPU
		Debug|x64 = Debug|x64
		Debug|x86 = Debug|x86
		Release|Any CPU = Release|Any CPU
		Release|x64 = Release|x64
		Release|x86 = Release|x86
	EndGlobalSection
	GlobalSection(ProjectConfigurationPlatforms) = postSolution
		{3FBCFABE-1C52-47C8-B481-3B67465DE7EC}.Debug|Any CPU.ActiveCfg = Debug|Any CPU
		{3FBCFABE-1C52-47C8-B481-3B67465DE7EC}.Debug|Any CPU.Build.0 = Debug|Any CPU
		{3FBCFABE-1C52-47C8-B481-3B67465DE7EC}.Debug|x64.ActiveCfg = Debug|Any CPU
		{3FBCFABE-1C52-47C8-B481-3B67465DE7EC}.Debug|x64.Build.0 = Debug|Any CPU
		{3FBCFABE-1C52-47C8-B481-3B67465DE7EC}.Debug|x86.ActiveCfg = Debug|Any CPU
		{3FBCFABE-1C52-47C8-B481-3B67465DE7EC}.Debug|x86.Build.0 = Debug|Any CPU
		{3FBCFABE-1C52-47C8-B481-3B67465DE7EC}.Release|Any CPU.ActiveCfg = Release|Any CPU
		{3FBCFABE-1C52-47C8-B481-3B67465DE7EC}.Release|Any CPU.Build.0 = Release|Any CPU
		{3FBCFABE-1C52-47C8-B481-3B67465DE7EC}.Release|x64.ActiveCfg = Release|Any CPU
		{3FBCFABE-1C52-47C8-B481-3B67465DE7EC}.Release|x64.Build.0 = Release|Any CPU
		{3FBCFABE-1C52-47C8-B481-3B67465DE7EC}.Release|x86.ActiveCfg = Release|Any CPU
		{3FBCFABE-1C52-47C8-B481-3B67465DE7EC}.Release|x86.Build.0 = Release|Any CPU
		{6DBCBE54-BD4C-4119-B723-C76E9261124A}.Debug|Any CPU.ActiveCfg = Debug|Any CPU
		{6DBCBE54-BD4C-4119-B723-C76E9261124A}.Debug|Any CPU.Build.0 = Debug|Any CPU
		{6DBCBE54-BD4C-4119-B723-C76E9261124A}.Debug|x64.ActiveCfg = Debug|Any CPU
		{6DBCBE54-BD4C-4119-B723-C76E9261124A}.Debug|x64.Build.0 = Debug|Any CPU
		{6DBCBE54-BD4C-4119-B723-C76E9261124A}.Debug|x86.ActiveCfg = Debug|Any CPU
		{6DBCBE54-BD4C-4119-B723-C76E9261124A}.Debug|x86.Build.0 = Debug|Any CPU
		{6DBCBE54-BD4C-4119-B723-C76E9261124A}.Release|Any CPU.ActiveCfg = Release|Any CPU
		{6DBCBE54-BD4C-4119-B723-C76E9261124A}.Release|Any CPU.Build.0 = Release|Any CPU
		{6DBCBE54-BD4C-4119-B723-C76E9261124A}.Release|x64.ActiveCfg = Release|Any CPU
		{6DBCBE54-BD4C-4119-B723-C76E9261124A}.Release|x64.Build.0 = Release|Any CPU
		{6DBCBE54-BD4C-4119-B723-C76E9261124A}.Release|x86.ActiveCfg = Release|Any CPU
		{6DBCBE54-BD4C-4119-B723-C76E9261124A}.Release|x86.Build.0 = Release|Any CPU
		{7261702F-CF2A-41D6-9C57-54AD2695AC42}.Debug|Any CPU.ActiveCfg = Debug|Any CPU
		{7261702F-CF2A-41D6-9C57-54AD2695AC42}.Debug|Any CPU.Build.0 = Debug|Any CPU
		{7261702F-CF2A-41D6-9C57-54AD2695AC42}.Debug|x64.ActiveCfg = Debug|Any CPU
		{7261702F-CF2A-41D6-9C57-54AD2695AC42}.Debug|x64.Build.0 = Debug|Any CPU
		{7261702F-CF2A-41D6-9C57-54AD2695AC42}.Debug|x86.ActiveCfg = Debug|Any CPU
		{7261702F-CF2A-41D6-9C57-54AD2695AC42}.Debug|x86.Build.0 = Debug|Any CPU
		{7261702F-CF2A-41D6-9C57-54AD2695AC42}.Release|Any CPU.ActiveCfg = Release|Any CPU
		{7261702F-CF2A-41D6-9C57-54AD2695AC42}.Release|Any CPU.Build.0 = Release|Any CPU
		{7261702F-CF2A-41D6-9C57-54AD2695AC42}.Release|x64.ActiveCfg = Release|Any CPU
		{7261702F-CF2A-41D6-9C57-54AD2695AC42}.Release|x64.Build.0 = Release|Any CPU
		{7261702F-CF2A-41D6-9C57-54AD2695AC42}.Release|x86.ActiveCfg = Release|Any CPU
		{7261702F-CF2A-41D6-9C57-54AD2695AC42}.Release|x86.Build.0 = Release|Any CPU
		{3632722E-1F00-4BB0-87D0-E7D187D305D1}.Debug|Any CPU.ActiveCfg = Debug|Any CPU
		{3632722E-1F00-4BB0-87D0-E7D187D305D1}.Debug|Any CPU.Build.0 = Debug|Any CPU
		{3632722E-1F00-4BB0-87D0-E7D187D305D1}.Debug|x64.ActiveCfg = Debug|Any CPU
		{3632722E-1F00-4BB0-87D0-E7D187D305D1}.Debug|x64.Build.0 = Debug|Any CPU
		{3632722E-1F00-4BB0-87D0-E7D187D305D1}.Debug|x86.ActiveCfg = Debug|Any CPU
		{3632722E-1F00-4BB0-87D0-E7D187D305D1}.Debug|x86.Build.0 = Debug|Any CPU
		{3632722E-1F00-4BB0-87D0-E7D187D305D1}.Release|Any CPU.ActiveCfg = Release|Any CPU
		{3632722E-1F00-4BB0-87D0-E7D187D305D1}.Release|Any CPU.Build.0 = Release|Any CPU
		{3632722E-1F00-4BB0-87D0-E7D187D305D1}.Release|x64.ActiveCfg = Release|Any CPU
		{3632722E-1F00-4BB0-87D0-E7D187D305D1}.Release|x64.Build.0 = Release|Any CPU
		{3632722E-1F00-4BB0-87D0-E7D187D305D1}.Release|x86.ActiveCfg = Release|Any CPU
		{3632722E-1F00-4BB0-87D0-E7D187D305D1}.Release|x86.Build.0 = Release|Any CPU
		{A6ACBE94-891F-41DE-93EF-3C6370291ED5}.Debug|Any CPU.ActiveCfg = Debug|Any CPU
		{A6ACBE94-891F-41DE-93EF-3C6370291ED5}.Debug|Any CPU.Build.0 = Debug|Any CPU
		{A6ACBE94-891F-41DE-93EF-3C6370291ED5}.Debug|x64.ActiveCfg = Debug|Any CPU
		{A6ACBE94-891F-41DE-93EF-3C6370291ED5}.Debug|x64.Build.0 = Debug|Any CPU
		{A6ACBE94-891F-41DE-93EF-3C6370291ED5}.Debug|x86.ActiveCfg = Debug|Any CPU
		{A6ACBE94-891F-41DE-93EF-3C6370291ED5}.Debug|x86.Build.0 = Debug|Any CPU
		{A6ACBE94-891F-41DE-93EF-3C6370291ED5}.Release|Any CPU.ActiveCfg = Release|Any CPU
		{A6ACBE94-891F-41DE-93EF-3C6370291ED5}.Release|Any CPU.Build.0 = Release|Any CPU
		{A6ACBE94-891F-41DE-93EF-3C6370291ED5}.Release|x64.ActiveCfg = Release|Any CPU
		{A6ACBE94-891F-41DE-93EF-3C6370291ED5}.Release|x64.Build.0 = Release|Any CPU
		{A6ACBE94-891F-41DE-93EF-3C6370291ED5}.Release|x86.ActiveCfg = Release|Any CPU
		{A6ACBE94-891F-41DE-93EF-3C6370291ED5}.Release|x86.Build.0 = Release|Any CPU
		{0616B08B-66C5-4023-9D3F-3F8C1C1DF6C2}.Debug|Any CPU.ActiveCfg = Debug|Any CPU
		{0616B08B-66C5-4023-9D3F-3F8C1C1DF6C2}.Debug|Any CPU.Build.0 = Debug|Any CPU
		{0616B08B-66C5-4023-9D3F-3F8C1C1DF6C2}.Debug|x64.ActiveCfg = Debug|Any CPU
		{0616B08B-66C5-4023-9D3F-3F8C1C1DF6C2}.Debug|x64.Build.0 = Debug|Any CPU
		{0616B08B-66C5-4023-9D3F-3F8C1C1DF6C2}.Debug|x86.ActiveCfg = Debug|Any CPU
		{0616B08B-66C5-4023-9D3F-3F8C1C1DF6C2}.Debug|x86.Build.0 = Debug|Any CPU
		{0616B08B-66C5-4023-9D3F-3F8C1C1DF6C2}.Release|Any CPU.ActiveCfg = Release|Any CPU
		{0616B08B-66C5-4023-9D3F-3F8C1C1DF6C2}.Release|Any CPU.Build.0 = Release|Any CPU
		{0616B08B-66C5-4023-9D3F-3F8C1C1DF6C2}.Release|x64.ActiveCfg = Release|Any CPU
		{0616B08B-66C5-4023-9D3F-3F8C1C1DF6C2}.Release|x64.Build.0 = Release|Any CPU
		{0616B08B-66C5-4023-9D3F-3F8C1C1DF6C2}.Release|x86.ActiveCfg = Release|Any CPU
		{0616B08B-66C5-4023-9D3F-3F8C1C1DF6C2}.Release|x86.Build.0 = Release|Any CPU
		{99670CCE-63C2-4B86-B556-78D7F738E340}.Debug|Any CPU.ActiveCfg = Debug|Any CPU
		{99670CCE-63C2-4B86-B556-78D7F738E340}.Debug|Any CPU.Build.0 = Debug|Any CPU
		{99670CCE-63C2-4B86-B556-78D7F738E340}.Debug|x64.ActiveCfg = Debug|Any CPU
		{99670CCE-63C2-4B86-B556-78D7F738E340}.Debug|x64.Build.0 = Debug|Any CPU
		{99670CCE-63C2-4B86-B556-78D7F738E340}.Debug|x86.ActiveCfg = Debug|Any CPU
		{99670CCE-63C2-4B86-B556-78D7F738E340}.Debug|x86.Build.0 = Debug|Any CPU
		{99670CCE-63C2-4B86-B556-78D7F738E340}.Release|Any CPU.ActiveCfg = Release|Any CPU
		{99670CCE-63C2-4B86-B556-78D7F738E340}.Release|Any CPU.Build.0 = Release|Any CPU
		{99670CCE-63C2-4B86-B556-78D7F738E340}.Release|x64.ActiveCfg = Release|Any CPU
		{99670CCE-63C2-4B86-B556-78D7F738E340}.Release|x64.Build.0 = Release|Any CPU
		{99670CCE-63C2-4B86-B556-78D7F738E340}.Release|x86.ActiveCfg = Release|Any CPU
		{99670CCE-63C2-4B86-B556-78D7F738E340}.Release|x86.Build.0 = Release|Any CPU
		{FA30DF8E-4053-4443-BA61-B4901E690C31}.Debug|Any CPU.ActiveCfg = Debug|Any CPU
		{FA30DF8E-4053-4443-BA61-B4901E690C31}.Debug|Any CPU.Build.0 = Debug|Any CPU
		{FA30DF8E-4053-4443-BA61-B4901E690C31}.Debug|x64.ActiveCfg = Debug|Any CPU
		{FA30DF8E-4053-4443-BA61-B4901E690C31}.Debug|x64.Build.0 = Debug|Any CPU
		{FA30DF8E-4053-4443-BA61-B4901E690C31}.Debug|x86.ActiveCfg = Debug|Any CPU
		{FA30DF8E-4053-4443-BA61-B4901E690C31}.Debug|x86.Build.0 = Debug|Any CPU
		{FA30DF8E-4053-4443-BA61-B4901E690C31}.Release|Any CPU.ActiveCfg = Release|Any CPU
		{FA30DF8E-4053-4443-BA61-B4901E690C31}.Release|Any CPU.Build.0 = Release|Any CPU
		{FA30DF8E-4053-4443-BA61-B4901E690C31}.Release|x64.ActiveCfg = Release|Any CPU
		{FA30DF8E-4053-4443-BA61-B4901E690C31}.Release|x64.Build.0 = Release|Any CPU
		{FA30DF8E-4053-4443-BA61-B4901E690C31}.Release|x86.ActiveCfg = Release|Any CPU
		{FA30DF8E-4053-4443-BA61-B4901E690C31}.Release|x86.Build.0 = Release|Any CPU
	EndGlobalSection
	GlobalSection(SolutionProperties) = preSolution
		HideSolutionNode = FALSE
	EndGlobalSection
	GlobalSection(NestedProjects) = preSolution
		{A6ACBE94-891F-41DE-93EF-3C6370291ED5} = {AED578D4-C2DD-4A48-A20C-158CE5417F3B}
		{0616B08B-66C5-4023-9D3F-3F8C1C1DF6C2} = {AED578D4-C2DD-4A48-A20C-158CE5417F3B}
		{99670CCE-63C2-4B86-B556-78D7F738E340} = {AED578D4-C2DD-4A48-A20C-158CE5417F3B}
		{FA30DF8E-4053-4443-BA61-B4901E690C31} = {AED578D4-C2DD-4A48-A20C-158CE5417F3B}
	EndGlobalSection
	GlobalSection(ExtensibilityGlobals) = postSolution
		SolutionGuid = {B804E228-7C38-4DFA-A45B-7FBCB119293D}
	EndGlobalSection
EndGlobal
